
Microsoft Visual Studio Solution File, Format Version 12.00
# Visual Studio Version 17
VisualStudioVersion = 17.13.35806.99
MinimumVisualStudioVersion = 10.0.40219.1
Project("{FAE04EC0-301F-11D3-BF4B-00C04F79EFBC}") = "The Final Dungeon", "The Final Dungeon\The Final Dungeon.csproj", "{AE6F7A3C-7459-4080-8355-D7D58FB43E63}"
EndProject
Project("{FAE04EC0-301F-11D3-BF4B-00C04F79EFBC}") = "TestProject1", "TestProject1\TestProject1.csproj", "{A2C55112-018F-4707-9AF0-090B2D23DEB0}"
EndProject
Global
	GlobalSection(SolutionConfigurationPlatforms) = preSolution
		Debug|Any CPU = Debug|Any CPU
		Release|Any CPU = Release|Any CPU
	EndGlobalSection
	GlobalSection(ProjectConfigurationPlatforms) = postSolution
		{AE6F7A3C-7459-4080-8355-D7D58FB43E63}.Debug|Any CPU.ActiveCfg = Debug|Any CPU
		{AE6F7A3C-7459-4080-8355-D7D58FB43E63}.Debug|Any CPU.Build.0 = Debug|Any CPU
		{AE6F7A3C-7459-4080-8355-D7D58FB43E63}.Release|Any CPU.ActiveCfg = Release|Any CPU
		{AE6F7A3C-7459-4080-8355-D7D58FB43E63}.Release|Any CPU.Build.0 = Release|Any CPU
		{A2C55112-018F-4707-9AF0-090B2D23DEB0}.Debug|Any CPU.ActiveCfg = Debug|Any CPU
		{A2C55112-018F-4707-9AF0-090B2D23DEB0}.Debug|Any CPU.Build.0 = Debug|Any CPU
		{A2C55112-018F-4707-9AF0-090B2D23DEB0}.Release|Any CPU.ActiveCfg = Release|Any CPU
		{A2C55112-018F-4707-9AF0-090B2D23DEB0}.Release|Any CPU.Build.0 = Release|Any CPU
	EndGlobalSection
	GlobalSection(SolutionProperties) = preSolution
		HideSolutionNode = FALSE
	EndGlobalSection
	GlobalSection(ExtensibilityGlobals) = postSolution
		SolutionGuid = {691A723C-5497-4DDC-887A-DA5CCEB0E9A7}
	EndGlobalSection
EndGlobal
